
Microsoft Visual Studio Solution File, Format Version 10.00
# Visual C# Express 2008
Project("{FAE04EC0-301F-11D3-BF4B-00C04F79EFBC}") = "perfect number", "perfect number\perfect number.csproj", "{EFB1ADBC-9D97-49B8-A436-EAEAAB9E0BCE}"
EndProject
Global
	GlobalSection(SolutionConfigurationPlatforms) = preSolution
		Debug|Any CPU = Debug|Any CPU
		Release|Any CPU = Release|Any CPU
	EndGlobalSection
	GlobalSection(ProjectConfigurationPlatforms) = postSolution
		{EFB1ADBC-9D97-49B8-A436-EAEAAB9E0BCE}.Debug|Any CPU.ActiveCfg = Debug|Any CPU
		{EFB1ADBC-9D97-49B8-A436-EAEAAB9E0BCE}.Debug|Any CPU.Build.0 = Debug|Any CPU
		{EFB1ADBC-9D97-49B8-A436-EAEAAB9E0BCE}.Release|Any CPU.ActiveCfg = Release|Any CPU
		{EFB1ADBC-9D97-49B8-A436-EAEAAB9E0BCE}.Release|Any CPU.Build.0 = Release|Any CPU
	EndGlobalSection
	GlobalSection(SolutionProperties) = preSolution
		HideSolutionNode = FALSE
	EndGlobalSection
EndGlobal
