
Microsoft Visual Studio Solution File, Format Version 10.00
# Visual C# Express 2008
Project("{FAE04EC0-301F-11D3-BF4B-00C04F79EFBC}") = "מספר ראשוני או פריק", "מספר ראשוני או פריק\מספר ראשוני או פריק.csproj", "{09928167-4D30-415E-8CA4-6C3007C2AEEB}"
EndProject
Global
	GlobalSection(SolutionConfigurationPlatforms) = preSolution
		Debug|Any CPU = Debug|Any CPU
		Release|Any CPU = Release|Any CPU
	EndGlobalSection
	GlobalSection(ProjectConfigurationPlatforms) = postSolution
		{09928167-4D30-415E-8CA4-6C3007C2AEEB}.Debug|Any CPU.ActiveCfg = Debug|Any CPU
		{09928167-4D30-415E-8CA4-6C3007C2AEEB}.Debug|Any CPU.Build.0 = Debug|Any CPU
		{09928167-4D30-415E-8CA4-6C3007C2AEEB}.Release|Any CPU.ActiveCfg = Release|Any CPU
		{09928167-4D30-415E-8CA4-6C3007C2AEEB}.Release|Any CPU.Build.0 = Release|Any CPU
	EndGlobalSection
	GlobalSection(SolutionProperties) = preSolution
		HideSolutionNode = FALSE
	EndGlobalSection
EndGlobal
